PODS:
  - linphone-sdk (4.4.1):
    - linphone-sdk/all-frameworks (= 4.4.1)
    - linphone-sdk/app-extension (= 4.4.1)
    - linphone-sdk/app-extension-swift (= 4.4.1)
    - linphone-sdk/basic-frameworks (= 4.4.1)
    - linphone-sdk/swift (= 4.4.1)
  - linphone-sdk/all-frameworks (4.4.1)
  - linphone-sdk/app-extension (4.4.1)
  - linphone-sdk/app-extension-swift (4.4.1):
    - linphone-sdk/app-extension
  - linphone-sdk/basic-frameworks (4.4.1):
    - linphone-sdk/app-extension
  - linphone-sdk/swift (4.4.1):
    - linphone-sdk/app-extension-swift
    - linphone-sdk/basic-frameworks
  - PhoneLib (0.1.0):
    - linphone-sdk (= 4.4.1)

DEPENDENCIES:
  - PhoneLib (from `/Users/chris/projects/Vialer/iOS/ios-phone-lib`)

SPEC REPOS:
  https://gitlab.linphone.org/BC/public/podspec.git:
    - linphone-sdk

EXTERNAL SOURCES:
  PhoneLib:
    :path: "/Users/chris/projects/Vialer/iOS/ios-phone-lib"

SPEC CHECKSUMS:
  linphone-sdk: 91183cb3e3224d2d1a211357cd6a39d61636d17d
  PhoneLib: 0a062ca52a13fee76b5858464b5e8f12014a07ec

PODFILE CHECKSUM: 37f01bf9b27f44178cae7c510f3c06d8fa5d1d59

COCOAPODS: 1.10.0
