PODS:
  - AFNetworkActivityLogger (3.0.0):
    - AFNetworking/NSURLSession (~> 3.0)
  - AFNetworking (3.2.1):
    - AFNetworking/NSURLSession (= 3.2.1)
    - AFNetworking/Reachability (= 3.2.1)
    - AFNetworking/Security (= 3.2.1)
    - AFNetworking/Serialization (= 3.2.1)
    - AFNetworking/UIKit (= 3.2.1)
  - AFNetworking/NSURLSession (3.2.1):
    - AFNetworking/Reachability
    - AFNetworking/Security
    - AFNetworking/Serialization
  - AFNetworking/Reachability (3.2.1)
  - AFNetworking/Security (3.2.1)
  - AFNetworking/Serialization (3.2.1)
  - AFNetworking/UIKit (3.2.1):
    - AFNetworking/NSURLSession
  - Alamofire (5.4.1)
  - iOSPhoneLib (0.1.0):
    - linphone-sdk (= 4.4.1)
  - linphone-sdk (4.4.1):
    - linphone-sdk/all-frameworks (= 4.4.1)
    - linphone-sdk/app-extension (= 4.4.1)
    - linphone-sdk/app-extension-swift (= 4.4.1)
    - linphone-sdk/basic-frameworks (= 4.4.1)
    - linphone-sdk/swift (= 4.4.1)
  - linphone-sdk/all-frameworks (4.4.1)
  - linphone-sdk/app-extension (4.4.1)
  - linphone-sdk/app-extension-swift (4.4.1):
    - linphone-sdk/app-extension
  - linphone-sdk/basic-frameworks (4.4.1):
    - linphone-sdk/app-extension
  - linphone-sdk/swift (4.4.1):
    - linphone-sdk/app-extension-swift
    - linphone-sdk/basic-frameworks
  - PIL (0.1.0):
    - iOSPhoneLib (~> 0.1.0)
    - Swinject (~> 2.7.1)
  - QuickTableViewController (1.3.1)
  - SAMKeychain (1.5.3)
  - Swinject (2.7.1)

DEPENDENCIES:
  - AFNetworkActivityLogger
  - AFNetworking
  - Alamofire (~> 5.2)
  - iOSPhoneLib (from `https://gitlab.wearespindle.com/vialer/mobile/voip/ios-phone-lib.git`)
  - PIL (from `../PIL`)
  - QuickTableViewController
  - SAMKeychain
  - Swinject

SPEC REPOS:
  https://github.com/CocoaPods/Specs.git:
    - AFNetworkActivityLogger
    - AFNetworking
    - Alamofire
    - QuickTableViewController
    - SAMKeychain
    - Swinject
  https://gitlab.linphone.org/BC/public/podspec.git:
    - linphone-sdk

EXTERNAL SOURCES:
  iOSPhoneLib:
    :git: https://gitlab.wearespindle.com/vialer/mobile/voip/ios-phone-lib.git
  PIL:
    :path: "../PIL"

CHECKOUT OPTIONS:
  iOSPhoneLib:
    :commit: c5a344aa8de7cc080b7c70c909e19a9fab8e2a72
    :git: https://gitlab.wearespindle.com/vialer/mobile/voip/ios-phone-lib.git

SPEC CHECKSUMS:
  AFNetworkActivityLogger: e77f68d014becb33c4306a23f56a64906ff72670
  AFNetworking: b6f891fdfaed196b46c7a83cf209e09697b94057
  Alamofire: 2291f7d21ca607c491dd17642e5d40fdcda0e65c
  iOSPhoneLib: 0730c82fd91d77df1584b6dcb38dc985ee3e7986
  linphone-sdk: 91183cb3e3224d2d1a211357cd6a39d61636d17d
  PIL: fd34c3f5657c96a88201e1646b10dacbd993a0e7
  QuickTableViewController: 25e698de1546c2b829c543d91b64ebc6e884acfc
  SAMKeychain: 483e1c9f32984d50ca961e26818a534283b4cd5c
  Swinject: ddf78b8486dd9b71a667b852cad919ab4484478e

PODFILE CHECKSUM: 67bb6e45e2793a8dcfd99d3debdfd15d9b5af5cc

COCOAPODS: 1.8.4
